
Microsoft Visual Studio Solution File, Format Version 12.00
# Visual Studio 15
VisualStudioVersion = 15.0.28307.489
MinimumVisualStudioVersion = 10.0.40219.1
Project("{FAE04EC0-301F-11D3-BF4B-00C04F79EFBC}") = "BrowserVA_Enhanced", "BrowserVA_Enhanced\BrowserVA_Enhanced.csproj", "{CCA6B2B9-854E-4E39-9923-9FEC8BA64559}"
EndProject
Global
	GlobalSection(SolutionConfigurationPlatforms) = preSolution
		Debug|Any CPU = Debug|Any CPU
		Release|Any CPU = Release|Any CPU
	EndGlobalSection
	GlobalSection(ProjectConfigurationPlatforms) = postSolution
		{CCA6B2B9-854E-4E39-9923-9FEC8BA64559}.Debug|Any CPU.ActiveCfg = Debug|Any CPU
		{CCA6B2B9-854E-4E39-9923-9FEC8BA64559}.Debug|Any CPU.Build.0 = Debug|Any CPU
		{CCA6B2B9-854E-4E39-9923-9FEC8BA64559}.Release|Any CPU.ActiveCfg = Release|Any CPU
		{CCA6B2B9-854E-4E39-9923-9FEC8BA64559}.Release|Any CPU.Build.0 = Release|Any CPU
	EndGlobalSection
	GlobalSection(SolutionProperties) = preSolution
		HideSolutionNode = FALSE
	EndGlobalSection
	GlobalSection(ExtensibilityGlobals) = postSolution
		SolutionGuid = {E6C333F9-9FA4-46DF-B0AF-3BB0627373C2}
	EndGlobalSection
EndGlobal
